// !$*UTF8*$!
{
	archiveVersion = 1;
	classes = {
	};
	objectVersion = 56;
	objects = {

/* Begin PBXBuildFile section */
		DFB315C12B7D77C10040113E /* EmployeeListSwiftUIApp.swift in Sources */ = {isa = PBXBuildFile; fileRef = DFB315C02B7D77C10040113E /* EmployeeListSwiftUIApp.swift */; };
		DFB315C32B7D77C20040113E /* ContentView.swift in Sources */ = {isa = PBXBuildFile; fileRef = DFB315C22B7D77C20040113E /* ContentView.swift */; };
		DFB315C52B7D77C40040113E /* Assets.xcassets in Resources */ = {isa = PBXBuildFile; fileRef = DFB315C42B7D77C40040113E /* Assets.xcassets */; };
		DFB315C82B7D77C40040113E /* Preview Assets.xcassets in Resources */ = {isa = PBXBuildFile; fileRef = DFB315C72B7D77C40040113E /* Preview Assets.xcassets */; };
		DFB315D22B7D77C40040113E /* EmployeeListSwiftUITests.swift in Sources */ = {isa = PBXBuildFile; fileRef = DFB315D12B7D77C40040113E /* EmployeeListSwiftUITests.swift */; };
		DFB315DC2B7D77C40040113E /* EmployeeListSwiftUIUITests.swift in Sources */ = {isa = PBXBuildFile; fileRef = DFB315DB2B7D77C40040113E /* EmployeeListSwiftUIUITests.swift */; };
		DFB315DE2B7D77C40040113E /* EmployeeListSwiftUIUITestsLaunchTests.swift in Sources */ = {isa = PBXBuildFile; fileRef = DFB315DD2B7D77C40040113E /* EmployeeListSwiftUIUITestsLaunchTests.swift */; };
		DFB315ED2B7D89F40040113E /* DataFetcher.swift in Sources */ = {isa = PBXBuildFile; fileRef = DFB315EC2B7D89F40040113E /* DataFetcher.swift */; };
		DFB315EF2B7D8A2F0040113E /* Employee.swift in Sources */ = {isa = PBXBuildFile; fileRef = DFB315EE2B7D8A2F0040113E /* Employee.swift */; };
		DFB315FF2B7DD6C20040113E /* EmployeesListViewModel.swift in Sources */ = {isa = PBXBuildFile; fileRef = DFB315FD2B7DD6C10040113E /* EmployeesListViewModel.swift */; };
		DFB316002B7DD6C20040113E /* EmployeeViewModel.swift in Sources */ = {isa = PBXBuildFile; fileRef = DFB315FE2B7DD6C20040113E /* EmployeeViewModel.swift */; };
/* End PBXBuildFile section */

/* Begin PBXContainerItemProxy section */
		DFB315CE2B7D77C40040113E /* PBXContainerItemProxy */ = {
			isa = PBXContainerItemProxy;
			containerPortal = DFB315B52B7D77C10040113E /* Project object */;
			proxyType = 1;
			remoteGlobalIDString = DFB315BC2B7D77C10040113E;
			remoteInfo = EmployeeListSwiftUI;
		};
		DFB315D82B7D77C40040113E /* PBXContainerItemProxy */ = {
			isa = PBXContainerItemProxy;
			containerPortal = DFB315B52B7D77C10040113E /* Project object */;
			proxyType = 1;
			remoteGlobalIDString = DFB315BC2B7D77C10040113E;
			remoteInfo = EmployeeListSwiftUI;
		};
/* End PBXContainerItemProxy section */

/* Begin PBXFileReference section */
		DFB315BD2B7D77C10040113E /* EmployeeListSwiftUI.app */ = {isa = PBXFileReference; explicitFileType = wrapper.application; includeInIndex = 0; path = EmployeeListSwiftUI.app; sourceTree = BUILT_PRODUCTS_DIR; };
		DFB315C02B7D77C10040113E /* EmployeeListSwiftUIApp.swift */ = {isa = PBXFileReference; lastKnownFileType = sourcecode.swift; path = EmployeeListSwiftUIApp.swift; sourceTree = "<group>"; };
		DFB315C22B7D77C20040113E /* ContentView.swift */ = {isa = PBXFileReference; lastKnownFileType = sourcecode.swift; path = ContentView.swift; sourceTree = "<group>"; };
		DFB315C42B7D77C40040113E /* Assets.xcassets */ = {isa = PBXFileReference; lastKnownFileType = folder.assetcatalog; path = Assets.xcassets; sourceTree = "<group>"; };
		DFB315C72B7D77C40040113E /* Preview Assets.xcassets */ = {isa = PBXFileReference; lastKnownFileType = folder.assetcatalog; path = "Preview Assets.xcassets"; sourceTree = "<group>"; };
		DFB315CD2B7D77C40040113E /* EmployeeListSwiftUITests.xctest */ = {isa = PBXFileReference; explicitFileType = wrapper.cfbundle; includeInIndex = 0; path = EmployeeListSwiftUITests.xctest; sourceTree = BUILT_PRODUCTS_DIR; };
		DFB315D12B7D77C40040113E /* EmployeeListSwiftUITests.swift */ = {isa = PBXFileReference; lastKnownFileType = sourcecode.swift; path = EmployeeListSwiftUITests.swift; sourceTree = "<group>"; };
		DFB315D72B7D77C40040113E /* EmployeeListSwiftUIUITests.xctest */ = {isa = PBXFileReference; explicitFileType = wrapper.cfbundle; includeInIndex = 0; path = EmployeeListSwiftUIUITests.xctest; sourceTree = BUILT_PRODUCTS_DIR; };
		DFB315DB2B7D77C40040113E /* EmployeeListSwiftUIUITests.swift */ = {isa = PBXFileReference; lastKnownFileType = sourcecode.swift; path = EmployeeListSwiftUIUITests.swift; sourceTree = "<group>"; };
		DFB315DD2B7D77C40040113E /* EmployeeListSwiftUIUITestsLaunchTests.swift */ = {isa = PBXFileReference; lastKnownFileType = sourcecode.swift; path = EmployeeListSwiftUIUITestsLaunchTests.swift; sourceTree = "<group>"; };
		DFB315EC2B7D89F40040113E /* DataFetcher.swift */ = {isa = PBXFileReference; fileEncoding = 4; lastKnownFileType = sourcecode.swift; path = DataFetcher.swift; sourceTree = "<group>"; };
		DFB315EE2B7D8A2F0040113E /* Employee.swift */ = {isa = PBXFileReference; fileEncoding = 4; lastKnownFileType = sourcecode.swift; path = Employee.swift; sourceTree = "<group>"; };
		DFB315FD2B7DD6C10040113E /* EmployeesListViewModel.swift */ = {isa = PBXFileReference; fileEncoding = 4; lastKnownFileType = sourcecode.swift; path = EmployeesListViewModel.swift; sourceTree = "<group>"; };
		DFB315FE2B7DD6C20040113E /* EmployeeViewModel.swift */ = {isa = PBXFileReference; fileEncoding = 4; lastKnownFileType = sourcecode.swift; path = EmployeeViewModel.swift; sourceTree = "<group>"; };
/* End PBXFileReference section */

/* Begin PBXFrameworksBuildPhase section */
		DFB315BA2B7D77C10040113E /* Frameworks */ = {
			isa = PBXFrameworksBuildPhase;
			buildActionMask = 2147483647;
			files = (
			);
			runOnlyForDeploymentPostprocessing = 0;
		};
		DFB315CA2B7D77C40040113E /* Frameworks */ = {
			isa = PBXFrameworksBuildPhase;
			buildActionMask = 2147483647;
			files = (
			);
			runOnlyForDeploymentPostprocessing = 0;
		};
		DFB315D42B7D77C40040113E /* Frameworks */ = {
			isa = PBXFrameworksBuildPhase;
			buildActionMask = 2147483647;
			files = (
			);
			runOnlyForDeploymentPostprocessing = 0;
		};
/* End PBXFrameworksBuildPhase section */

/* Begin PBXGroup section */
		DFB315B42B7D77C10040113E = {
			isa = PBXGroup;
			children = (
				DFB315BF2B7D77C10040113E /* EmployeeListSwiftUI */,
				DFB315D02B7D77C40040113E /* EmployeeListSwiftUITests */,
				DFB315DA2B7D77C40040113E /* EmployeeListSwiftUIUITests */,
				DFB315BE2B7D77C10040113E /* Products */,
			);
			sourceTree = "<group>";
		};
		DFB315BE2B7D77C10040113E /* Products */ = {
			isa = PBXGroup;
			children = (
				DFB315BD2B7D77C10040113E /* EmployeeListSwiftUI.app */,
				DFB315CD2B7D77C40040113E /* EmployeeListSwiftUITests.xctest */,
				DFB315D72B7D77C40040113E /* EmployeeListSwiftUIUITests.xctest */,
			);
			name = Products;
			sourceTree = "<group>";
		};
		DFB315BF2B7D77C10040113E /* EmployeeListSwiftUI */ = {
			isa = PBXGroup;
			children = (
				DFB315FC2B7DD6950040113E /* ViewModels */,
				DFB315EB2B7D89D00040113E /* API */,
				DFB315EA2B7D89C40040113E /* Models */,
				DFB315C02B7D77C10040113E /* EmployeeListSwiftUIApp.swift */,
				DFB315C22B7D77C20040113E /* ContentView.swift */,
				DFB315C42B7D77C40040113E /* Assets.xcassets */,
				DFB315C62B7D77C40040113E /* Preview Content */,
			);
			path = EmployeeListSwiftUI;
			sourceTree = "<group>";
		};
		DFB315C62B7D77C40040113E /* Preview Content */ = {
			isa = PBXGroup;
			children = (
				DFB315C72B7D77C40040113E /* Preview Assets.xcassets */,
			);
			path = "Preview Content";
			sourceTree = "<group>";
		};
		DFB315D02B7D77C40040113E /* EmployeeListSwiftUITests */ = {
			isa = PBXGroup;
			children = (
				DFB315D12B7D77C40040113E /* EmployeeListSwiftUITests.swift */,
			);
			path = EmployeeListSwiftUITests;
			sourceTree = "<group>";
		};
		DFB315DA2B7D77C40040113E /* EmployeeListSwiftUIUITests */ = {
			isa = PBXGroup;
			children = (
				DFB315DB2B7D77C40040113E /* EmployeeListSwiftUIUITests.swift */,
				DFB315DD2B7D77C40040113E /* EmployeeListSwiftUIUITestsLaunchTests.swift */,
			);
			path = EmployeeListSwiftUIUITests;
			sourceTree = "<group>";
		};
		DFB315EA2B7D89C40040113E /* Models */ = {
			isa = PBXGroup;
			children = (
				DFB315EE2B7D8A2F0040113E /* Employee.swift */,
			);
			path = Models;
			sourceTree = "<group>";
		};
		DFB315EB2B7D89D00040113E /* API */ = {
			isa = PBXGroup;
			children = (
				DFB315EC2B7D89F40040113E /* DataFetcher.swift */,
			);
			path = API;
			sourceTree = "<group>";
		};
		DFB315FC2B7DD6950040113E /* ViewModels */ = {
			isa = PBXGroup;
			children = (
				DFB315FD2B7DD6C10040113E /* EmployeesListViewModel.swift */,
				DFB315FE2B7DD6C20040113E /* EmployeeViewModel.swift */,
			);
			path = ViewModels;
			sourceTree = "<group>";
		};
/* End PBXGroup section */

/* Begin PBXNativeTarget section */
		DFB315BC2B7D77C10040113E /* EmployeeListSwiftUI */ = {
			isa = PBXNativeTarget;
			buildConfigurationList = DFB315E12B7D77C40040113E /* Build configuration list for PBXNativeTarget "EmployeeListSwiftUI" */;
			buildPhases = (
				DFB315B92B7D77C10040113E /* Sources */,
				DFB315BA2B7D77C10040113E /* Frameworks */,
				DFB315BB2B7D77C10040113E /* Resources */,
			);
			buildRules = (
			);
			dependencies = (
			);
			name = EmployeeListSwiftUI;
			productName = EmployeeListSwiftUI;
			productReference = DFB315BD2B7D77C10040113E /* EmployeeListSwiftUI.app */;
			productType = "com.apple.product-type.application";
		};
		DFB315CC2B7D77C40040113E /* EmployeeListSwiftUITests */ = {
			isa = PBXNativeTarget;
			buildConfigurationList = DFB315E42B7D77C40040113E /* Build configuration list for PBXNativeTarget "EmployeeListSwiftUITests" */;
			buildPhases = (
				DFB315C92B7D77C40040113E /* Sources */,
				DFB315CA2B7D77C40040113E /* Frameworks */,
				DFB315CB2B7D77C40040113E /* Resources */,
			);
			buildRules = (
			);
			dependencies = (
				DFB315CF2B7D77C40040113E /* PBXTargetDependency */,
			);
			name = EmployeeListSwiftUITests;
			productName = EmployeeListSwiftUITests;
			productReference = DFB315CD2B7D77C40040113E /* EmployeeListSwiftUITests.xctest */;
			productType = "com.apple.product-type.bundle.unit-test";
		};
		DFB315D62B7D77C40040113E /* EmployeeListSwiftUIUITests */ = {
			isa = PBXNativeTarget;
			buildConfigurationList = DFB315E72B7D77C40040113E /* Build configuration list for PBXNativeTarget "EmployeeListSwiftUIUITests" */;
			buildPhases = (
				DFB315D32B7D77C40040113E /* Sources */,
				DFB315D42B7D77C40040113E /* Frameworks */,
				DFB315D52B7D77C40040113E /* Resources */,
			);
			buildRules = (
			);
			dependencies = (
				DFB315D92B7D77C40040113E /* PBXTargetDependency */,
			);
			name = EmployeeListSwiftUIUITests;
			productName = EmployeeListSwiftUIUITests;
			productReference = DFB315D72B7D77C40040113E /* EmployeeListSwiftUIUITests.xctest */;
			productType = "com.apple.product-type.bundle.ui-testing";
		};
/* End PBXNativeTarget section */

/* Begin PBXProject section */
		DFB315B52B7D77C10040113E /* Project object */ = {
			isa = PBXProject;
			attributes = {
				BuildIndependentTargetsInParallel = 1;
				LastSwiftUpdateCheck = 1520;
				LastUpgradeCheck = 1520;
				TargetAttributes = {
					DFB315BC2B7D77C10040113E = {
						CreatedOnToolsVersion = 15.2;
					};
					DFB315CC2B7D77C40040113E = {
						CreatedOnToolsVersion = 15.2;
						TestTargetID = DFB315BC2B7D77C10040113E;
					};
					DFB315D62B7D77C40040113E = {
						CreatedOnToolsVersion = 15.2;
						TestTargetID = DFB315BC2B7D77C10040113E;
					};
				};
			};
			buildConfigurationList = DFB315B82B7D77C10040113E /* Build configuration list for PBXProject "EmployeeListSwiftUI" */;
			compatibilityVersion = "Xcode 14.0";
			developmentRegion = en;
			hasScannedForEncodings = 0;
			knownRegions = (
				en,
				Base,
			);
			mainGroup = DFB315B42B7D77C10040113E;
			productRefGroup = DFB315BE2B7D77C10040113E /* Products */;
			projectDirPath = "";
			projectRoot = "";
			targets = (
				DFB315BC2B7D77C10040113E /* EmployeeListSwiftUI */,
				DFB315CC2B7D77C40040113E /* EmployeeListSwiftUITests */,
				DFB315D62B7D77C40040113E /* EmployeeListSwiftUIUITests */,
			);
		};
/* End PBXProject section */

/* Begin PBXResourcesBuildPhase section */
		DFB315BB2B7D77C10040113E /* Resources */ = {
			isa = PBXResourcesBuildPhase;
			buildActionMask = 2147483647;
			files = (
				DFB315C82B7D77C40040113E /* Preview Assets.xcassets in Resources */,
				DFB315C52B7D77C40040113E /* Assets.xcassets in Resources */,
			);
			runOnlyForDeploymentPostprocessing = 0;
		};
		DFB315CB2B7D77C40040113E /* Resources */ = {
			isa = PBXResourcesBuildPhase;
			buildActionMask = 2147483647;
			files = (
			);
			runOnlyForDeploymentPostprocessing = 0;
		};
		DFB315D52B7D77C40040113E /* Resources */ = {
			isa = PBXResourcesBuildPhase;
			buildActionMask = 2147483647;
			files = (
			);
			runOnlyForDeploymentPostprocessing = 0;
		};
/* End PBXResourcesBuildPhase section */

/* Begin PBXSourcesBuildPhase section */
		DFB315B92B7D77C10040113E /* Sources */ = {
			isa = PBXSourcesBuildPhase;
			buildActionMask = 2147483647;
			files = (
				DFB315ED2B7D89F40040113E /* DataFetcher.swift in Sources */,
				DFB315EF2B7D8A2F0040113E /* Employee.swift in Sources */,
				DFB315C32B7D77C20040113E /* ContentView.swift in Sources */,
				DFB315FF2B7DD6C20040113E /* EmployeesListViewModel.swift in Sources */,
				DFB316002B7DD6C20040113E /* EmployeeViewModel.swift in Sources */,
				DFB315C12B7D77C10040113E /* EmployeeListSwiftUIApp.swift in Sources */,
			);
			runOnlyForDeploymentPostprocessing = 0;
		};
		DFB315C92B7D77C40040113E /* Sources */ = {
			isa = PBXSourcesBuildPhase;
			buildActionMask = 2147483647;
			files = (
				DFB315D22B7D77C40040113E /* EmployeeListSwiftUITests.swift in Sources */,
			);
			runOnlyForDeploymentPostprocessing = 0;
		};
		DFB315D32B7D77C40040113E /* Sources */ = {
			isa = PBXSourcesBuildPhase;
			buildActionMask = 2147483647;
			files = (
				DFB315DE2B7D77C40040113E /* EmployeeListSwiftUIUITestsLaunchTests.swift in Sources */,
				DFB315DC2B7D77C40040113E /* EmployeeListSwiftUIUITests.swift in Sources */,
			);
			runOnlyForDeploymentPostprocessing = 0;
		};
/* End PBXSourcesBuildPhase section */

/* Begin PBXTargetDependency section */
		DFB315CF2B7D77C40040113E /* PBXTargetDependency */ = {
			isa = PBXTargetDependency;
			target = DFB315BC2B7D77C10040113E /* EmployeeListSwiftUI */;
			targetProxy = DFB315CE2B7D77C40040113E /* PBXContainerItemProxy */;
		};
		DFB315D92B7D77C40040113E /* PBXTargetDependency */ = {
			isa = PBXTargetDependency;
			target = DFB315BC2B7D77C10040113E /* EmployeeListSwiftUI */;
			targetProxy = DFB315D82B7D77C40040113E /* PBXContainerItemProxy */;
		};
/* End PBXTargetDependency section */

/* Begin XCBuildConfiguration section */
		DFB315DF2B7D77C40040113E /* Debug */ = {
			isa = XCBuildConfiguration;
			buildSettings = {
				ALWAYS_SEARCH_USER_PATHS = NO;
				ASSETCATALOG_COMPILER_GENERATE_SWIFT_ASSET_SYMBOL_EXTENSIONS = YES;
				CLANG_ANALYZER_NONNULL = YES;
				CLANG_ANALYZER_NUMBER_OBJECT_CONVERSION = YES_AGGRESSIVE;
				CLANG_CXX_LANGUAGE_STANDARD = "gnu++20";
				CLANG_ENABLE_MODULES = YES;
				CLANG_ENABLE_OBJC_ARC = YES;
				CLANG_ENABLE_OBJC_WEAK = YES;
				CLANG_WARN_BLOCK_CAPTURE_AUTORELEASING = YES;
				CLANG_WARN_BOOL_CONVERSION = YES;
				CLANG_WARN_COMMA = YES;
				CLANG_WARN_CONSTANT_CONVERSION = YES;
				CLANG_WARN_DEPRECATED_OBJC_IMPLEMENTATIONS = YES;
				CLANG_WARN_DIRECT_OBJC_ISA_USAGE = YES_ERROR;
				CLANG_WARN_DOCUMENTATION_COMMENTS = YES;
				CLANG_WARN_EMPTY_BODY = YES;
				CLANG_WARN_ENUM_CONVERSION = YES;
				CLANG_WARN_INFINITE_RECURSION = YES;
				CLANG_WARN_INT_CONVERSION = YES;
				CLANG_WARN_NON_LITERAL_NULL_CONVERSION = YES;
				CLANG_WARN_OBJC_IMPLICIT_RETAIN_SELF = YES;
				CLANG_WARN_OBJC_LITERAL_CONVERSION = YES;
				CLANG_WARN_OBJC_ROOT_CLASS = YES_ERROR;
				CLANG_WARN_QUOTED_INCLUDE_IN_FRAMEWORK_HEADER = YES;
				CLANG_WARN_RANGE_LOOP_ANALYSIS = YES;
				CLANG_WARN_STRICT_PROTOTYPES = YES;
				CLANG_WARN_SUSPICIOUS_MOVE = YES;
				CLANG_WARN_UNGUARDED_AVAILABILITY = YES_AGGRESSIVE;
				CLANG_WARN_UNREACHABLE_CODE = YES;
				CLANG_WARN__DUPLICATE_METHOD_MATCH = YES;
				COPY_PHASE_STRIP = NO;
				DEBUG_INFORMATION_FORMAT = dwarf;
				ENABLE_STRICT_OBJC_MSGSEND = YES;
				ENABLE_TESTABILITY = YES;
				ENABLE_USER_SCRIPT_SANDBOXING = YES;
				GCC_C_LANGUAGE_STANDARD = gnu17;
				GCC_DYNAMIC_NO_PIC = NO;
				GCC_NO_COMMON_BLOCKS = YES;
				GCC_OPTIMIZATION_LEVEL = 0;
				GCC_PREPROCESSOR_DEFINITIONS = (
					"DEBUG=1",
					"$(inherited)",
				);
				GCC_WARN_64_TO_32_BIT_CONVERSION = YES;
				GCC_WARN_ABOUT_RETURN_TYPE = YES_ERROR;
				GCC_WARN_UNDECLARED_SELECTOR = YES;
				GCC_WARN_UNINITIALIZED_AUTOS = YES_AGGRESSIVE;
				GCC_WARN_UNUSED_FUNCTION = YES;
				GCC_WARN_UNUSED_VARIABLE = YES;
				IPHONEOS_DEPLOYMENT_TARGET = 17.2;
				LOCALIZATION_PREFERS_STRING_CATALOGS = YES;
				MTL_ENABLE_DEBUG_INFO = INCLUDE_SOURCE;
				MTL_FAST_MATH = YES;
				ONLY_ACTIVE_ARCH = YES;
				SDKROOT = iphoneos;
				SWIFT_ACTIVE_COMPILATION_CONDITIONS = "DEBUG $(inherited)";
				SWIFT_OPTIMIZATION_LEVEL = "-Onone";
			};
			name = Debug;
		};
		DFB315E02B7D77C40040113E /* Release */ = {
			isa = XCBuildConfiguration;
			buildSettings = {
				ALWAYS_SEARCH_USER_PATHS = NO;
				ASSETCATALOG_COMPILER_GENERATE_SWIFT_ASSET_SYMBOL_EXTENSIONS = YES;
				CLANG_ANALYZER_NONNULL = YES;
				CLANG_ANALYZER_NUMBER_OBJECT_CONVERSION = YES_AGGRESSIVE;
				CLANG_CXX_LANGUAGE_STANDARD = "gnu++20";
				CLANG_ENABLE_MODULES = YES;
				CLANG_ENABLE_OBJC_ARC = YES;
				CLANG_ENABLE_OBJC_WEAK = YES;
				CLANG_WARN_BLOCK_CAPTURE_AUTORELEASING = YES;
				CLANG_WARN_BOOL_CONVERSION = YES;
				CLANG_WARN_COMMA = YES;
				CLANG_WARN_CONSTANT_CONVERSION = YES;
				CLANG_WARN_DEPRECATED_OBJC_IMPLEMENTATIONS = YES;
				CLANG_WARN_DIRECT_OBJC_ISA_USAGE = YES_ERROR;
				CLANG_WARN_DOCUMENTATION_COMMENTS = YES;
				CLANG_WARN_EMPTY_BODY = YES;
				CLANG_WARN_ENUM_CONVERSION = YES;
				CLANG_WARN_INFINITE_RECURSION = YES;
				CLANG_WARN_INT_CONVERSION = YES;
				CLANG_WARN_NON_LITERAL_NULL_CONVERSION = YES;
				CLANG_WARN_OBJC_IMPLICIT_RETAIN_SELF = YES;
				CLANG_WARN_OBJC_LITERAL_CONVERSION = YES;
				CLANG_WARN_OBJC_ROOT_CLASS = YES_ERROR;
				CLANG_WARN_QUOTED_INCLUDE_IN_FRAMEWORK_HEADER = YES;
				CLANG_WARN_RANGE_LOOP_ANALYSIS = YES;
				CLANG_WARN_STRICT_PROTOTYPES = YES;
				CLANG_WARN_SUSPICIOUS_MOVE = YES;
				CLANG_WARN_UNGUARDED_AVAILABILITY = YES_AGGRESSIVE;
				CLANG_WARN_UNREACHABLE_CODE = YES;
				CLANG_WARN__DUPLICATE_METHOD_MATCH = YES;
				COPY_PHASE_STRIP = NO;
				DEBUG_INFORMATION_FORMAT = "dwarf-with-dsym";
				ENABLE_NS_ASSERTIONS = NO;
				ENABLE_STRICT_OBJC_MSGSEND = YES;
				ENABLE_USER_SCRIPT_SANDBOXING = YES;
				GCC_C_LANGUAGE_STANDARD = gnu17;
				GCC_NO_COMMON_BLOCKS = YES;
				GCC_WARN_64_TO_32_BIT_CONVERSION = YES;
				GCC_WARN_ABOUT_RETURN_TYPE = YES_ERROR;
				GCC_WARN_UNDECLARED_SELECTOR = YES;
				GCC_WARN_UNINITIALIZED_AUTOS = YES_AGGRESSIVE;
				GCC_WARN_UNUSED_FUNCTION = YES;
				GCC_WARN_UNUSED_VARIABLE = YES;
				IPHONEOS_DEPLOYMENT_TARGET = 17.2;
				LOCALIZATION_PREFERS_STRING_CATALOGS = YES;
				MTL_ENABLE_DEBUG_INFO = NO;
				MTL_FAST_MATH = YES;
				SDKROOT = iphoneos;
				SWIFT_COMPILATION_MODE = wholemodule;
				VALIDATE_PRODUCT = YES;
			};
			name = Release;
		};
		DFB315E22B7D77C40040113E /* Debug */ = {
			isa = XCBuildConfiguration;
			buildSettings = {
				ASSETCATALOG_COMPILER_APPICON_NAME = AppIcon;
				ASSETCATALOG_COMPILER_GLOBAL_ACCENT_COLOR_NAME = AccentColor;
				CODE_SIGN_STYLE = Automatic;
				CURRENT_PROJECT_VERSION = 1;
				DEVELOPMENT_ASSET_PATHS = "\"EmployeeListSwiftUI/Preview Content\"";
				DEVELOPMENT_TEAM = 2D5JL5YSG2;
				ENABLE_PREVIEWS = YES;
				GENERATE_INFOPLIST_FILE = YES;
				INFOPLIST_KEY_UIApplicationSceneManifest_Generation = YES;
				INFOPLIST_KEY_UIApplicationSupportsIndirectInputEvents = YES;
				INFOPLIST_KEY_UILaunchScreen_Generation = YES;
				INFOPLIST_KEY_UISupportedInterfaceOrientations_iPad = "UIInterfaceOrientationPortrait UIInterfaceOrientationPortraitUpsideDown UIInterfaceOrientationLandscapeLeft UIInterfaceOrientationLandscapeRight";
				INFOPLIST_KEY_UISupportedInterfaceOrientations_iPhone = "UIInterfaceOrientationPortrait UIInterfaceOrientationLandscapeLeft UIInterfaceOrientationLandscapeRight";
				LD_RUNPATH_SEARCH_PATHS = (
					"$(inherited)",
					"@executable_path/Frameworks",
				);
				MARKETING_VERSION = 1.0;
				PRODUCT_BUNDLE_IDENTIFIER = com.radhika.EmployeeListSwiftUI;
				PRODUCT_NAME = "$(TARGET_NAME)";
				SWIFT_EMIT_LOC_STRINGS = YES;
				SWIFT_VERSION = 5.0;
				TARGETED_DEVICE_FAMILY = "1,2";
			};
			name = Debug;
		};
		DFB315E32B7D77C40040113E /* Release */ = {
			isa = XCBuildConfiguration;
			buildSettings = {
				ASSETCATALOG_COMPILER_APPICON_NAME = AppIcon;
				ASSETCATALOG_COMPILER_GLOBAL_ACCENT_COLOR_NAME = AccentColor;
				CODE_SIGN_STYLE = Automatic;
				CURRENT_PROJECT_VERSION = 1;
				DEVELOPMENT_ASSET_PATHS = "\"EmployeeListSwiftUI/Preview Content\"";
				DEVELOPMENT_TEAM = 2D5JL5YSG2;
				ENABLE_PREVIEWS = YES;
				GENERATE_INFOPLIST_FILE = YES;
				INFOPLIST_KEY_UIApplicationSceneManifest_Generation = YES;
				INFOPLIST_KEY_UIApplicationSupportsIndirectInputEvents = YES;
				INFOPLIST_KEY_UILaunchScreen_Generation = YES;
				INFOPLIST_KEY_UISupportedInterfaceOrientations_iPad = "UIInterfaceOrientationPortrait UIInterfaceOrientationPortraitUpsideDown UIInterfaceOrientationLandscapeLeft UIInterfaceOrientationLandscapeRight";
				INFOPLIST_KEY_UISupportedInterfaceOrientations_iPhone = "UIInterfaceOrientationPortrait UIInterfaceOrientationLandscapeLeft UIInterfaceOrientationLandscapeRight";
				LD_RUNPATH_SEARCH_PATHS = (
					"$(inherited)",
					"@executable_path/Frameworks",
				);
				MARKETING_VERSION = 1.0;
				PRODUCT_BUNDLE_IDENTIFIER = com.radhika.EmployeeListSwiftUI;
				PRODUCT_NAME = "$(TARGET_NAME)";
				SWIFT_EMIT_LOC_STRINGS = YES;
				SWIFT_VERSION = 5.0;
				TARGETED_DEVICE_FAMILY = "1,2";
			};
			name = Release;
		};
		DFB315E52B7D77C40040113E /* Debug */ = {
			isa = XCBuildConfiguration;
			buildSettings = {
				ALWAYS_EMBED_SWIFT_STANDARD_LIBRARIES = YES;
				BUNDLE_LOADER = "$(TEST_HOST)";
				CODE_SIGN_STYLE = Automatic;
				CURRENT_PROJECT_VERSION = 1;
				DEVELOPMENT_TEAM = 2D5JL5YSG2;
				GENERATE_INFOPLIST_FILE = YES;
				IPHONEOS_DEPLOYMENT_TARGET = 17.2;
				MARKETING_VERSION = 1.0;
				PRODUCT_BUNDLE_IDENTIFIER = com.radhika.EmployeeListSwiftUITests;
				PRODUCT_NAME = "$(TARGET_NAME)";
				SWIFT_EMIT_LOC_STRINGS = NO;
				SWIFT_VERSION = 5.0;
				TARGETED_DEVICE_FAMILY = "1,2";
				TEST_HOST = "$(BUILT_PRODUCTS_DIR)/EmployeeListSwiftUI.app/$(BUNDLE_EXECUTABLE_FOLDER_PATH)/EmployeeListSwiftUI";
			};
			name = Debug;
		};
		DFB315E62B7D77C40040113E /* Release */ = {
			isa = XCBuildConfiguration;
			buildSettings = {
				ALWAYS_EMBED_SWIFT_STANDARD_LIBRARIES = YES;
				BUNDLE_LOADER = "$(TEST_HOST)";
				CODE_SIGN_STYLE = Automatic;
				CURRENT_PROJECT_VERSION = 1;
				DEVELOPMENT_TEAM = 2D5JL5YSG2;
				GENERATE_INFOPLIST_FILE = YES;
				IPHONEOS_DEPLOYMENT_TARGET = 17.2;
				MARKETING_VERSION = 1.0;
				PRODUCT_BUNDLE_IDENTIFIER = com.radhika.EmployeeListSwiftUITests;
				PRODUCT_NAME = "$(TARGET_NAME)";
				SWIFT_EMIT_LOC_STRINGS = NO;
				SWIFT_VERSION = 5.0;
				TARGETED_DEVICE_FAMILY = "1,2";
				TEST_HOST = "$(BUILT_PRODUCTS_DIR)/EmployeeListSwiftUI.app/$(BUNDLE_EXECUTABLE_FOLDER_PATH)/EmployeeListSwiftUI";
			};
			name = Release;
		};
		DFB315E82B7D77C40040113E /* Debug */ = {
			isa = XCBuildConfiguration;
			buildSettings = {
				ALWAYS_EMBED_SWIFT_STANDARD_LIBRARIES = YES;
				CODE_SIGN_STYLE = Automatic;
				CURRENT_PROJECT_VERSION = 1;
				DEVELOPMENT_TEAM = 2D5JL5YSG2;
				GENERATE_INFOPLIST_FILE = YES;
				MARKETING_VERSION = 1.0;
				PRODUCT_BUNDLE_IDENTIFIER = com.radhika.EmployeeListSwiftUIUITests;
				PRODUCT_NAME = "$(TARGET_NAME)";
				SWIFT_EMIT_LOC_STRINGS = NO;
				SWIFT_VERSION = 5.0;
				TARGETED_DEVICE_FAMILY = "1,2";
				TEST_TARGET_NAME = EmployeeListSwiftUI;
			};
			name = Debug;
		};
		DFB315E92B7D77C40040113E /* Release */ = {
			isa = XCBuildConfiguration;
			buildSettings = {
				ALWAYS_EMBED_SWIFT_STANDARD_LIBRARIES = YES;
				CODE_SIGN_STYLE = Automatic;
				CURRENT_PROJECT_VERSION = 1;
				DEVELOPMENT_TEAM = 2D5JL5YSG2;
				GENERATE_INFOPLIST_FILE = YES;
				MARKETING_VERSION = 1.0;
				PRODUCT_BUNDLE_IDENTIFIER = com.radhika.EmployeeListSwiftUIUITests;
				PRODUCT_NAME = "$(TARGET_NAME)";
				SWIFT_EMIT_LOC_STRINGS = NO;
				SWIFT_VERSION = 5.0;
				TARGETED_DEVICE_FAMILY = "1,2";
				TEST_TARGET_NAME = EmployeeListSwiftUI;
			};
			name = Release;
		};
/* End XCBuildConfiguration section */

/* Begin XCConfigurationList section */
		DFB315B82B7D77C10040113E /* Build configuration list for PBXProject "EmployeeListSwiftUI" */ = {
			isa = XCConfigurationList;
			buildConfigurations = (
				DFB315DF2B7D77C40040113E /* Debug */,
				DFB315E02B7D77C40040113E /* Release */,
			);
			defaultConfigurationIsVisible = 0;
			defaultConfigurationName = Release;
		};
		DFB315E12B7D77C40040113E /* Build configuration list for PBXNativeTarget "EmployeeListSwiftUI" */ = {
			isa = XCConfigurationList;
			buildConfigurations = (
				DFB315E22B7D77C40040113E /* Debug */,
				DFB315E32B7D77C40040113E /* Release */,
			);
			defaultConfigurationIsVisible = 0;
			defaultConfigurationName = Release;
		};
		DFB315E42B7D77C40040113E /* Build configuration list for PBXNativeTarget "EmployeeListSwiftUITests" */ = {
			isa = XCConfigurationList;
			buildConfigurations = (
				DFB315E52B7D77C40040113E /* Debug */,
				DFB315E62B7D77C40040113E /* Release */,
			);
			defaultConfigurationIsVisible = 0;
			defaultConfigurationName = Release;
		};
		DFB315E72B7D77C40040113E /* Build configuration list for PBXNativeTarget "EmployeeListSwiftUIUITests" */ = {
			isa = XCConfigurationList;
			buildConfigurations = (
				DFB315E82B7D77C40040113E /* Debug */,
				DFB315E92B7D77C40040113E /* Release */,
			);
			defaultConfigurationIsVisible = 0;
			defaultConfigurationName = Release;
		};
/* End XCConfigurationList section */
	};
	rootObject = DFB315B52B7D77C10040113E /* Project object */;
}
